{
  "originHash" : "b3617ebc75550e799ab38ed9899c1751a5d661b4f5072a5d8068b124c335d72a",
  "pins" : [
    {
      "identity" : "chalk",
      "kind" : "remoteSourceControl",
      "location" : "https://github.com/mxcl/Chalk.git",
      "state" : {
        "revision" : "a7f58e47a08ca5a84f73acc4bcf6c2c19d990609",
        "version" : "0.5.0"
      }
    },
    {
      "identity" : "filecheck",
      "kind" : "remoteSourceControl",
      "location" : "https://github.com/llvm-swift/FileCheck.git",
      "state" : {
        "revision" : "f7c5f1a9479b33a876a6f5632ca2b92a7ce4b667",
        "version" : "0.2.6"
      }
    },
    {
      "identity" : "jsonapi",
      "kind" : "remoteSourceControl",
      "location" : "https://github.com/mattpolzin/JSONAPI.git",
      "state" : {
        "revision" : "d3457ae21a76b21e9a8f5bf3953ba9166cfa12f0",
        "version" : "6.0.0"
      }
    },
    {
      "identity" : "jsonapiviz",
      "kind" : "remoteSourceControl",
      "location" : "https://github.com/mattpolzin/JSONAPIViz.git",
      "state" : {
        "revision" : "129a7d622a8512bd35909b413a4ab7a70ddaac3f",
        "version" : "0.0.7"
      }
    },
    {
      "identity" : "openapikit",
      "kind" : "remoteSourceControl",
      "location" : "https://github.com/mattpolzin/OpenAPIKit.git",
      "state" : {
        "revision" : "f23fdf4223fcd780588e19c7ad823749c08bd2bf",
        "version" : "5.0.0"
      }
    },
    {
      "identity" : "openapireflection",
      "kind" : "remoteSourceControl",
      "location" : "https://github.com/mattpolzin/OpenAPIReflection.git",
      "state" : {
        "revision" : "fb431a62a9b83ad228510014c475c047911581da",
        "version" : "4.0.0"
      }
    },
    {
      "identity" : "poly",
      "kind" : "remoteSourceControl",
      "location" : "https://github.com/mattpolzin/Poly.git",
      "state" : {
        "revision" : "37c942daa23ab373ce05ef87f42103342e59cf3a",
        "version" : "3.0.0"
      }
    },
    {
      "identity" : "sampleable",
      "kind" : "remoteSourceControl",
      "location" : "https://github.com/mattpolzin/Sampleable.git",
      "state" : {
        "revision" : "df44bf1a860481109dcf455e3c6daf0a0f1bc259",
        "version" : "2.1.0"
      }
    },
    {
      "identity" : "swift-argument-parser",
      "kind" : "remoteSourceControl",
      "location" : "https://github.com/apple/swift-argument-parser.git",
      "state" : {
        "revision" : "c5d11a805e765f52ba34ec7284bd4fcd6ba68615",
        "version" : "1.7.0"
      }
    },
    {
      "identity" : "swift-cmark",
      "kind" : "remoteSourceControl",
      "location" : "https://github.com/swiftlang/swift-cmark.git",
      "state" : {
        "revision" : "5d9bdaa4228b381639fff09403e39a04926e2dbe",
        "version" : "0.7.1"
      }
    },
    {
      "identity" : "swift-format",
      "kind" : "remoteSourceControl",
      "location" : "https://github.com/apple/swift-format.git",
      "state" : {
        "revision" : "62eaad2822b865407b8cde56c36386c00800f7ec",
        "version" : "602.0.0"
      }
    },
    {
      "identity" : "swift-markdown",
      "kind" : "remoteSourceControl",
      "location" : "https://github.com/apple/swift-markdown.git",
      "state" : {
        "revision" : "7d9a5ce307528578dfa777d505496bd5f544ad94",
        "version" : "0.7.3"
      }
    },
    {
      "identity" : "swift-nonempty",
      "kind" : "remoteSourceControl",
      "location" : "https://github.com/pointfreeco/swift-nonempty.git",
      "state" : {
        "revision" : "1fd3f067ebc3900d200aa7e977fdb614cc5533bc",
        "version" : "0.5.0"
      }
    },
    {
      "identity" : "swift-syntax",
      "kind" : "remoteSourceControl",
      "location" : "https://github.com/swiftlang/swift-syntax.git",
      "state" : {
        "revision" : "4799286537280063c85a32f09884cfbca301b1a1",
        "version" : "602.0.0"
      }
    },
    {
      "identity" : "swiftcheck",
      "kind" : "remoteSourceControl",
      "location" : "https://github.com/typelift/SwiftCheck.git",
      "state" : {
        "revision" : "077c096c3ddfc38db223ac8e525ad16ffb987138",
        "version" : "0.12.0"
      }
    }
  ],
  "version" : 3
}
